
Microsoft Visual Studio Solution File, Format Version 12.00
# Visual Studio Version 17
VisualStudioVersion = 17.11.35312.102
MinimumVisualStudioVersion = 10.0.40219.1
Project("{FAE04EC0-301F-11D3-BF4B-00C04F79EFBC}") = "ToursAndTravels", "ToursAndTravels\ToursAndTravels.csproj", "{C2B49B04-5675-46F1-A6D5-4D4BE2CAEE7B}"
EndProject
Global
	GlobalSection(SolutionConfigurationPlatforms) = preSolution
		Debug|Any CPU = Debug|Any CPU
		Release|Any CPU = Release|Any CPU
	EndGlobalSection
	GlobalSection(ProjectConfigurationPlatforms) = postSolution
		{C2B49B04-5675-46F1-A6D5-4D4BE2CAEE7B}.Debug|Any CPU.ActiveCfg = Debug|Any CPU
		{C2B49B04-5675-46F1-A6D5-4D4BE2CAEE7B}.Debug|Any CPU.Build.0 = Debug|Any CPU
		{C2B49B04-5675-46F1-A6D5-4D4BE2CAEE7B}.Release|Any CPU.ActiveCfg = Release|Any CPU
		{C2B49B04-5675-46F1-A6D5-4D4BE2CAEE7B}.Release|Any CPU.Build.0 = Release|Any CPU
	EndGlobalSection
	GlobalSection(SolutionProperties) = preSolution
		HideSolutionNode = FALSE
	EndGlobalSection
	GlobalSection(ExtensibilityGlobals) = postSolution
		SolutionGuid = {C66F1C6A-2977-4E52-B299-684B5EF133C8}
	EndGlobalSection
EndGlobal
